
Microsoft Visual Studio Solution File, Format Version 12.00
# Visual Studio Version 16
VisualStudioVersion = 16.0.31702.278
MinimumVisualStudioVersion = 10.0.40219.1
Project("{9A19103F-16F7-4668-BE54-9A1E7A4F7556}") = "HW3_Task", "HW3_Task.csproj", "{7AF4CB9B-2614-411F-952A-2BCE52354963}"
EndProject
Global
	GlobalSection(SolutionConfigurationPlatforms) = preSolution
		Debug|Any CPU = Debug|Any CPU
		Release|Any CPU = Release|Any CPU
	EndGlobalSection
	GlobalSection(ProjectConfigurationPlatforms) = postSolution
		{7AF4CB9B-2614-411F-952A-2BCE52354963}.Debug|Any CPU.ActiveCfg = Debug|Any CPU
		{7AF4CB9B-2614-411F-952A-2BCE52354963}.Debug|Any CPU.Build.0 = Debug|Any CPU
		{7AF4CB9B-2614-411F-952A-2BCE52354963}.Release|Any CPU.ActiveCfg = Release|Any CPU
		{7AF4CB9B-2614-411F-952A-2BCE52354963}.Release|Any CPU.Build.0 = Release|Any CPU
	EndGlobalSection
	GlobalSection(SolutionProperties) = preSolution
		HideSolutionNode = FALSE
	EndGlobalSection
	GlobalSection(ExtensibilityGlobals) = postSolution
		SolutionGuid = {3F2F53A4-55DE-4423-B1AB-436232DF111C}
	EndGlobalSection
EndGlobal
